{
    "version": 3,
    "terraform_version": "0.7.13",
    "serial": 0,
    "lineage": "1a5f40a2-95ce-424d-94cb-649de48664c2",
    "modules": [
        {
            "path": [
                "root"
            ],
            "outputs": {},
            "resources": {
                "aws_eip.nat-eip": {
                    "type": "aws_eip",
                    "depends_on": [],
                    "primary": {
                        "id": "eipalloc-ae643fcb",
                        "attributes": {
                            "association_id": "",
                            "domain": "vpc",
                            "id": "eipalloc-ae643fcb",
                            "instance": "",
                            "network_interface": "",
                            "private_ip": "",
                            "public_ip": "52.221.10.139",
                            "vpc": "true"
                        },
                        "meta": {},
                        "tainted": false
                    },
                    "deposed": [],
                    "provider": ""
                },
                "aws_internet_gateway.main-gw": {
                    "type": "aws_internet_gateway",
                    "depends_on": [
                        "aws_vpc.main"
                    ],
                    "primary": {
                        "id": "igw-d93b04bc",
                        "attributes": {
                            "id": "igw-d93b04bc",
                            "tags.%": "2",
                            "tags.Enviroment": "dev",
                            "tags.Name": "main-gw",
                            "vpc_id": "vpc-f5a63891"
                        },
                        "meta": {},
                        "tainted": false
                    },
                    "deposed": [],
                    "provider": ""
                },
                "aws_nat_gateway.nat-gw": {
                    "type": "aws_nat_gateway",
                    "depends_on": [
                        "aws_eip.nat-eip",
                        "aws_internet_gateway.main-gw",
                        "aws_subnet.main-pub-1"
                    ],
                    "primary": {
                        "id": "nat-0a0aa2863f47d9831",
                        "attributes": {
                            "allocation_id": "eipalloc-ae643fcb",
                            "id": "nat-0a0aa2863f47d9831",
                            "network_interface_id": "eni-839c5ef8",
                            "private_ip": "10.0.1.49",
                            "public_ip": "52.221.10.139",
                            "subnet_id": "subnet-134c1677"
                        },
                        "meta": {},
                        "tainted": false
                    },
                    "deposed": [],
                    "provider": ""
                },
                "aws_route_table.main-priv-rt": {
                    "type": "aws_route_table",
                    "depends_on": [
                        "aws_internet_gateway.main-gw",
                        "aws_vpc.main"
                    ],
                    "primary": {
                        "id": "rtb-06143462",
                        "attributes": {
                            "id": "rtb-06143462",
                            "propagating_vgws.#": "0",
                            "route.#": "1",
                            "route.2569704337.cidr_block": "0.0.0.0/0",
                            "route.2569704337.gateway_id": "igw-d93b04bc",
                            "route.2569704337.instance_id": "",
                            "route.2569704337.nat_gateway_id": "",
                            "route.2569704337.network_interface_id": "",
                            "route.2569704337.vpc_peering_connection_id": "",
                            "tags.%": "2",
                            "tags.Enviroment": "dev",
                            "tags.Name": "main-priv-rt",
                            "vpc_id": "vpc-f5a63891"
                        },
                        "meta": {},
                        "tainted": false
                    },
                    "deposed": [],
                    "provider": ""
                },
                "aws_route_table.main-pub-rt": {
                    "type": "aws_route_table",
                    "depends_on": [
                        "aws_internet_gateway.main-gw",
                        "aws_vpc.main"
                    ],
                    "primary": {
                        "id": "rtb-65153501",
                        "attributes": {
                            "id": "rtb-65153501",
                            "propagating_vgws.#": "0",
                            "route.#": "1",
                            "route.2569704337.cidr_block": "0.0.0.0/0",
                            "route.2569704337.gateway_id": "igw-d93b04bc",
                            "route.2569704337.instance_id": "",
                            "route.2569704337.nat_gateway_id": "",
                            "route.2569704337.network_interface_id": "",
                            "route.2569704337.vpc_peering_connection_id": "",
                            "tags.%": "2",
                            "tags.Enviroment": "dev",
                            "tags.Name": "main-pub-rt",
                            "vpc_id": "vpc-f5a63891"
                        },
                        "meta": {},
                        "tainted": false
                    },
                    "deposed": [],
                    "provider": ""
                },
                "aws_route_table_association.main-priv-rt-assc": {
                    "type": "aws_route_table_association",
                    "depends_on": [
                        "aws_route_table.main-priv-rt",
                        "aws_subnet.main-pri-1"
                    ],
                    "primary": {
                        "id": "rtbassoc-0004dd67",
                        "attributes": {
                            "id": "rtbassoc-0004dd67",
                            "route_table_id": "rtb-06143462",
                            "subnet_id": "subnet-17b1fe61"
                        },
                        "meta": {},
                        "tainted": false
                    },
                    "deposed": [],
                    "provider": ""
                },
                "aws_route_table_association.main-pub-1-rt-assc": {
                    "type": "aws_route_table_association",
                    "depends_on": [
                        "aws_route_table.main-pub-rt",
                        "aws_subnet.main-pub-1"
                    ],
                    "primary": {
                        "id": "rtbassoc-6c04dd0b",
                        "attributes": {
                            "id": "rtbassoc-6c04dd0b",
                            "route_table_id": "rtb-65153501",
                            "subnet_id": "subnet-134c1677"
                        },
                        "meta": {},
                        "tainted": false
                    },
                    "deposed": [],
                    "provider": ""
                },
                "aws_subnet.main-pri-1": {
                    "type": "aws_subnet",
                    "depends_on": [
                        "aws_vpc.main"
                    ],
                    "primary": {
                        "id": "subnet-17b1fe61",
                        "attributes": {
                            "availability_zone": "ap-southeast-1b",
                            "cidr_block": "10.0.2.0/24",
                            "id": "subnet-17b1fe61",
                            "map_public_ip_on_launch": "false",
                            "tags.%": "2",
                            "tags.Name": "main-pri-1",
                            "tags.environment": "dev",
                            "vpc_id": "vpc-f5a63891"
                        },
                        "meta": {},
                        "tainted": false
                    },
                    "deposed": [],
                    "provider": ""
                },
                "aws_subnet.main-pub-1": {
                    "type": "aws_subnet",
                    "depends_on": [
                        "aws_vpc.main"
                    ],
                    "primary": {
                        "id": "subnet-134c1677",
                        "attributes": {
                            "availability_zone": "ap-southeast-1a",
                            "cidr_block": "10.0.1.0/24",
                            "id": "subnet-134c1677",
                            "map_public_ip_on_launch": "true",
                            "tags.%": "2",
                            "tags.Name": "main-pub-1",
                            "tags.environment": "dev",
                            "vpc_id": "vpc-f5a63891"
                        },
                        "meta": {},
                        "tainted": false
                    },
                    "deposed": [],
                    "provider": ""
                },
                "aws_vpc.main": {
                    "type": "aws_vpc",
                    "depends_on": [],
                    "primary": {
                        "id": "vpc-f5a63891",
                        "attributes": {
                            "cidr_block": "10.0.0.0/16",
                            "default_network_acl_id": "acl-f855079c",
                            "default_route_table_id": "rtb-f1133395",
                            "default_security_group_id": "sg-d8deb5bf",
                            "dhcp_options_id": "dopt-0507cb60",
                            "enable_classiclink": "false",
                            "enable_dns_hostnames": "true",
                            "enable_dns_support": "true",
                            "id": "vpc-f5a63891",
                            "instance_tenancy": "default",
                            "main_route_table_id": "rtb-f1133395",
                            "tags.%": "2",
                            "tags.Name": "main",
                            "tags.environment": "dev"
                        },
                        "meta": {},
                        "tainted": false
                    },
                    "deposed": [],
                    "provider": ""
                }
            },
            "depends_on": []
        }
    ]
}
