{
    "version": 3,
    "terraform_version": "0.9.2",
    "serial": 5,
    "lineage": "a08a37b6-5dc0-439f-8947-19751a226b95",
    "modules": [
        {
            "path": [
                "root"
            ],
            "outputs": {},
            "resources": {
                "aws_eip.nat-eip": {
                    "type": "aws_eip",
                    "depends_on": [],
                    "primary": {
                        "id": "eipalloc-34164c51",
                        "attributes": {
                            "association_id": "eipassoc-e43a7b83",
                            "domain": "vpc",
                            "id": "eipalloc-34164c51",
                            "instance": "",
                            "network_interface": "eni-225c9259",
                            "private_ip": "10.0.1.133",
                            "public_ip": "52.76.65.20",
                            "vpc": "true"
                        },
                        "meta": {},
                        "tainted": false
                    },
                    "deposed": [],
                    "provider": ""
                },
                "aws_instance.database": {
                    "type": "aws_instance",
                    "depends_on": [
                        "aws_key_pair.mykeypair",
                        "aws_security_group.allowPort22",
                        "aws_security_group.allowPort3306",
                        "aws_subnet.main-pri-1"
                    ],
                    "primary": {
                        "id": "i-044873aa24e3bf176",
                        "attributes": {
                            "ami": "ami-5057eb33",
                            "associate_public_ip_address": "false",
                            "availability_zone": "ap-southeast-1b",
                            "disable_api_termination": "false",
                            "ebs_block_device.#": "0",
                            "ebs_optimized": "false",
                            "ephemeral_block_device.#": "0",
                            "iam_instance_profile": "",
                            "id": "i-044873aa24e3bf176",
                            "instance_state": "running",
                            "instance_type": "t2.micro",
                            "ipv6_address_count": "0",
                            "ipv6_addresses.#": "0",
                            "key_name": "mykeypair",
                            "monitoring": "false",
                            "network_interface_id": "eni-95e213d8",
                            "private_dns": "ip-10-0-2-18.ap-southeast-1.compute.internal",
                            "private_ip": "10.0.2.18",
                            "public_dns": "",
                            "public_ip": "",
                            "root_block_device.#": "1",
                            "root_block_device.0.delete_on_termination": "true",
                            "root_block_device.0.iops": "0",
                            "root_block_device.0.volume_size": "8",
                            "root_block_device.0.volume_type": "standard",
                            "security_groups.#": "0",
                            "source_dest_check": "true",
                            "subnet_id": "subnet-6cd19f1a",
                            "tags.%": "2",
                            "tags.Environment": "Dev",
                            "tags.Name": "database-001",
                            "tenancy": "default",
                            "vpc_security_group_ids.#": "2",
                            "vpc_security_group_ids.3384900671": "sg-acd8adcb",
                            "vpc_security_group_ids.666910578": "sg-bddbaeda"
                        },
                        "meta": {
                            "schema_version": "1"
                        },
                        "tainted": false
                    },
                    "deposed": [],
                    "provider": ""
                },
                "aws_instance.mgthost": {
                    "type": "aws_instance",
                    "depends_on": [
                        "aws_key_pair.mykeypair",
                        "aws_security_group.allowPort22",
                        "aws_subnet.main-pub-1"
                    ],
                    "primary": {
                        "id": "i-018d4826f8544b038",
                        "attributes": {
                            "ami": "ami-5057eb33",
                            "associate_public_ip_address": "true",
                            "availability_zone": "ap-southeast-1a",
                            "disable_api_termination": "false",
                            "ebs_block_device.#": "0",
                            "ebs_optimized": "false",
                            "ephemeral_block_device.#": "0",
                            "iam_instance_profile": "",
                            "id": "i-018d4826f8544b038",
                            "instance_state": "running",
                            "instance_type": "t2.micro",
                            "ipv6_address_count": "0",
                            "ipv6_addresses.#": "0",
                            "key_name": "mykeypair",
                            "monitoring": "false",
                            "network_interface_id": "eni-7d5b9506",
                            "private_dns": "ip-10-0-1-233.ap-southeast-1.compute.internal",
                            "private_ip": "10.0.1.233",
                            "public_dns": "ec2-54-179-175-181.ap-southeast-1.compute.amazonaws.com",
                            "public_ip": "54.179.175.181",
                            "root_block_device.#": "1",
                            "root_block_device.0.delete_on_termination": "true",
                            "root_block_device.0.iops": "0",
                            "root_block_device.0.volume_size": "8",
                            "root_block_device.0.volume_type": "standard",
                            "security_groups.#": "0",
                            "source_dest_check": "true",
                            "subnet_id": "subnet-0ae7c26e",
                            "tags.%": "2",
                            "tags.Environment": "Dev",
                            "tags.Name": "mgthost-001",
                            "tenancy": "default",
                            "vpc_security_group_ids.#": "1",
                            "vpc_security_group_ids.3384900671": "sg-acd8adcb"
                        },
                        "meta": {
                            "schema_version": "1"
                        },
                        "tainted": false
                    },
                    "deposed": [],
                    "provider": ""
                },
                "aws_instance.nginx-loadbal": {
                    "type": "aws_instance",
                    "depends_on": [
                        "aws_key_pair.mykeypair",
                        "aws_security_group.allowPort22",
                        "aws_security_group.allowPort80",
                        "aws_subnet.main-pub-1"
                    ],
                    "primary": {
                        "id": "i-0a89baa7425c15670",
                        "attributes": {
                            "ami": "ami-5057eb33",
                            "associate_public_ip_address": "true",
                            "availability_zone": "ap-southeast-1a",
                            "disable_api_termination": "false",
                            "ebs_block_device.#": "0",
                            "ebs_optimized": "false",
                            "ephemeral_block_device.#": "0",
                            "iam_instance_profile": "",
                            "id": "i-0a89baa7425c15670",
                            "instance_state": "running",
                            "instance_type": "t2.micro",
                            "ipv6_address_count": "0",
                            "ipv6_addresses.#": "0",
                            "key_name": "mykeypair",
                            "monitoring": "false",
                            "network_interface_id": "eni-6058961b",
                            "private_dns": "ip-10-0-1-88.ap-southeast-1.compute.internal",
                            "private_ip": "10.0.1.88",
                            "public_dns": "ec2-54-169-168-187.ap-southeast-1.compute.amazonaws.com",
                            "public_ip": "54.169.168.187",
                            "root_block_device.#": "1",
                            "root_block_device.0.delete_on_termination": "true",
                            "root_block_device.0.iops": "0",
                            "root_block_device.0.volume_size": "8",
                            "root_block_device.0.volume_type": "standard",
                            "security_groups.#": "0",
                            "source_dest_check": "true",
                            "subnet_id": "subnet-0ae7c26e",
                            "tags.%": "2",
                            "tags.Environment": "Dev",
                            "tags.Name": "nginx-loadbal-001",
                            "tenancy": "default",
                            "vpc_security_group_ids.#": "2",
                            "vpc_security_group_ids.2199065480": "sg-2dd9ac4a",
                            "vpc_security_group_ids.3384900671": "sg-acd8adcb"
                        },
                        "meta": {
                            "schema_version": "1"
                        },
                        "tainted": false
                    },
                    "deposed": [],
                    "provider": ""
                },
                "aws_instance.webserver.0": {
                    "type": "aws_instance",
                    "depends_on": [
                        "aws_key_pair.mykeypair",
                        "aws_security_group.allowPort22",
                        "aws_security_group.allowPort80",
                        "aws_subnet.main-pub-1"
                    ],
                    "primary": {
                        "id": "i-075d9e7d62f41bd7c",
                        "attributes": {
                            "ami": "ami-5057eb33",
                            "associate_public_ip_address": "true",
                            "availability_zone": "ap-southeast-1a",
                            "disable_api_termination": "false",
                            "ebs_block_device.#": "0",
                            "ebs_optimized": "false",
                            "ephemeral_block_device.#": "0",
                            "iam_instance_profile": "",
                            "id": "i-075d9e7d62f41bd7c",
                            "instance_state": "running",
                            "instance_type": "t2.micro",
                            "ipv6_address_count": "0",
                            "ipv6_addresses.#": "0",
                            "key_name": "mykeypair",
                            "monitoring": "false",
                            "network_interface_id": "eni-a65d93dd",
                            "private_dns": "ip-10-0-1-154.ap-southeast-1.compute.internal",
                            "private_ip": "10.0.1.154",
                            "public_dns": "ec2-52-221-201-1.ap-southeast-1.compute.amazonaws.com",
                            "public_ip": "52.221.201.1",
                            "root_block_device.#": "1",
                            "root_block_device.0.delete_on_termination": "true",
                            "root_block_device.0.iops": "0",
                            "root_block_device.0.volume_size": "8",
                            "root_block_device.0.volume_type": "standard",
                            "security_groups.#": "0",
                            "source_dest_check": "true",
                            "subnet_id": "subnet-0ae7c26e",
                            "tags.%": "2",
                            "tags.Environment": "Dev",
                            "tags.Name": "webserver-001",
                            "tenancy": "default",
                            "vpc_security_group_ids.#": "2",
                            "vpc_security_group_ids.2199065480": "sg-2dd9ac4a",
                            "vpc_security_group_ids.3384900671": "sg-acd8adcb"
                        },
                        "meta": {
                            "schema_version": "1"
                        },
                        "tainted": false
                    },
                    "deposed": [],
                    "provider": ""
                },
                "aws_instance.webserver.1": {
                    "type": "aws_instance",
                    "depends_on": [
                        "aws_key_pair.mykeypair",
                        "aws_security_group.allowPort22",
                        "aws_security_group.allowPort80",
                        "aws_subnet.main-pub-1"
                    ],
                    "primary": {
                        "id": "i-00969c1b062a00ec0",
                        "attributes": {
                            "ami": "ami-5057eb33",
                            "associate_public_ip_address": "true",
                            "availability_zone": "ap-southeast-1a",
                            "disable_api_termination": "false",
                            "ebs_block_device.#": "0",
                            "ebs_optimized": "false",
                            "ephemeral_block_device.#": "0",
                            "iam_instance_profile": "",
                            "id": "i-00969c1b062a00ec0",
                            "instance_state": "running",
                            "instance_type": "t2.micro",
                            "ipv6_address_count": "0",
                            "ipv6_addresses.#": "0",
                            "key_name": "mykeypair",
                            "monitoring": "false",
                            "network_interface_id": "eni-7c5b9507",
                            "private_dns": "ip-10-0-1-69.ap-southeast-1.compute.internal",
                            "private_ip": "10.0.1.69",
                            "public_dns": "ec2-52-221-193-0.ap-southeast-1.compute.amazonaws.com",
                            "public_ip": "52.221.193.0",
                            "root_block_device.#": "1",
                            "root_block_device.0.delete_on_termination": "true",
                            "root_block_device.0.iops": "0",
                            "root_block_device.0.volume_size": "8",
                            "root_block_device.0.volume_type": "standard",
                            "security_groups.#": "0",
                            "source_dest_check": "true",
                            "subnet_id": "subnet-0ae7c26e",
                            "tags.%": "2",
                            "tags.Environment": "Dev",
                            "tags.Name": "webserver-002",
                            "tenancy": "default",
                            "vpc_security_group_ids.#": "2",
                            "vpc_security_group_ids.2199065480": "sg-2dd9ac4a",
                            "vpc_security_group_ids.3384900671": "sg-acd8adcb"
                        },
                        "meta": {
                            "schema_version": "1"
                        },
                        "tainted": false
                    },
                    "deposed": [],
                    "provider": ""
                },
                "aws_internet_gateway.main-gw": {
                    "type": "aws_internet_gateway",
                    "depends_on": [
                        "aws_vpc.main-ag"
                    ],
                    "primary": {
                        "id": "igw-c885baad",
                        "attributes": {
                            "id": "igw-c885baad",
                            "tags.%": "2",
                            "tags.Enviroment": "dev",
                            "tags.Name": "main-gw",
                            "vpc_id": "vpc-a054cdc4"
                        },
                        "meta": {},
                        "tainted": false
                    },
                    "deposed": [],
                    "provider": ""
                },
                "aws_key_pair.mykeypair": {
                    "type": "aws_key_pair",
                    "depends_on": [],
                    "primary": {
                        "id": "mykeypair",
                        "attributes": {
                            "fingerprint": "50:e7:9c:e8:d2:80:99:aa:9f:57:58:7f:a6:a1:e3:5f",
                            "id": "mykeypair",
                            "key_name": "mykeypair",
                            "public_key": "ssh-rsa AAAAB3NzaC1yc2EAAAADAQABAAABAQCsi55c8HxvPBw6y2ce98Ev7xh6yHxJpAt96+jAurSxsSaDM/KabxXCQFBulfEAeIq4IYaGwk1F13pGAubitScMn7WH4V78xqzVpGIVNyno+ChrH/7DDqToJT26OAHCMXS/r1gmgm3XnuL7VaywoQp11Axf5EshatRQIqkH3x14T83wL26xk6+f4pW9d36VSf/hR1eFttW5uXHKbq78mkwITmO8uK2wvOfyEi69ZbQ59LLcZEFayXJ5uZvL3ey5RsS4Cx7JgvUzqhv/9HKuGb4UZbwopaSnZjdz8txciZAdVNkx+uTZeeyTp3ViYDc8vkI6MeHJAC4N748wQZRCFMfb root@ip-172-16-1-176"
                        },
                        "meta": {
                            "schema_version": "1"
                        },
                        "tainted": false
                    },
                    "deposed": [],
                    "provider": ""
                },
                "aws_nat_gateway.nat-gw": {
                    "type": "aws_nat_gateway",
                    "depends_on": [
                        "aws_eip.nat-eip",
                        "aws_internet_gateway.main-gw",
                        "aws_subnet.main-pub-1"
                    ],
                    "primary": {
                        "id": "nat-0d66f4fd5a7f037ca",
                        "attributes": {
                            "allocation_id": "eipalloc-34164c51",
                            "id": "nat-0d66f4fd5a7f037ca",
                            "network_interface_id": "eni-225c9259",
                            "private_ip": "10.0.1.133",
                            "public_ip": "52.76.65.20",
                            "subnet_id": "subnet-0ae7c26e"
                        },
                        "meta": {},
                        "tainted": false
                    },
                    "deposed": [],
                    "provider": ""
                },
                "aws_route_table.main-priv-rt": {
                    "type": "aws_route_table",
                    "depends_on": [
                        "aws_internet_gateway.main-gw",
                        "aws_vpc.main-ag"
                    ],
                    "primary": {
                        "id": "rtb-b8a182dc",
                        "attributes": {
                            "id": "rtb-b8a182dc",
                            "propagating_vgws.#": "0",
                            "route.#": "1",
                            "route.2172493479.cidr_block": "0.0.0.0/0",
                            "route.2172493479.egress_only_gateway_id": "",
                            "route.2172493479.gateway_id": "igw-c885baad",
                            "route.2172493479.instance_id": "",
                            "route.2172493479.ipv6_cidr_block": "",
                            "route.2172493479.nat_gateway_id": "",
                            "route.2172493479.network_interface_id": "",
                            "route.2172493479.vpc_peering_connection_id": "",
                            "tags.%": "2",
                            "tags.Enviroment": "dev",
                            "tags.Name": "main-priv-rt",
                            "vpc_id": "vpc-a054cdc4"
                        },
                        "meta": {},
                        "tainted": false
                    },
                    "deposed": [],
                    "provider": ""
                },
                "aws_route_table.main-pub-rt": {
                    "type": "aws_route_table",
                    "depends_on": [
                        "aws_internet_gateway.main-gw",
                        "aws_vpc.main-ag"
                    ],
                    "primary": {
                        "id": "rtb-eba1828f",
                        "attributes": {
                            "id": "rtb-eba1828f",
                            "propagating_vgws.#": "0",
                            "route.#": "1",
                            "route.2172493479.cidr_block": "0.0.0.0/0",
                            "route.2172493479.egress_only_gateway_id": "",
                            "route.2172493479.gateway_id": "igw-c885baad",
                            "route.2172493479.instance_id": "",
                            "route.2172493479.ipv6_cidr_block": "",
                            "route.2172493479.nat_gateway_id": "",
                            "route.2172493479.network_interface_id": "",
                            "route.2172493479.vpc_peering_connection_id": "",
                            "tags.%": "2",
                            "tags.Enviroment": "dev",
                            "tags.Name": "main-pub-rt",
                            "vpc_id": "vpc-a054cdc4"
                        },
                        "meta": {},
                        "tainted": false
                    },
                    "deposed": [],
                    "provider": ""
                },
                "aws_route_table_association.main-priv-rt-assc": {
                    "type": "aws_route_table_association",
                    "depends_on": [
                        "aws_route_table.main-priv-rt",
                        "aws_subnet.main-pri-1"
                    ],
                    "primary": {
                        "id": "rtbassoc-37c61d50",
                        "attributes": {
                            "id": "rtbassoc-37c61d50",
                            "route_table_id": "rtb-b8a182dc",
                            "subnet_id": "subnet-6cd19f1a"
                        },
                        "meta": {},
                        "tainted": false
                    },
                    "deposed": [],
                    "provider": ""
                },
                "aws_route_table_association.main-pub-1-rt-assc": {
                    "type": "aws_route_table_association",
                    "depends_on": [
                        "aws_route_table.main-pub-rt",
                        "aws_subnet.main-pub-1"
                    ],
                    "primary": {
                        "id": "rtbassoc-a8c51ecf",
                        "attributes": {
                            "id": "rtbassoc-a8c51ecf",
                            "route_table_id": "rtb-eba1828f",
                            "subnet_id": "subnet-0ae7c26e"
                        },
                        "meta": {},
                        "tainted": false
                    },
                    "deposed": [],
                    "provider": ""
                },
                "aws_security_group.allowPort22": {
                    "type": "aws_security_group",
                    "depends_on": [
                        "aws_vpc.main-ag"
                    ],
                    "primary": {
                        "id": "sg-acd8adcb",
                        "attributes": {
                            "description": "allow port 22",
                            "egress.#": "1",
                            "egress.482069346.cidr_blocks.#": "1",
                            "egress.482069346.cidr_blocks.0": "0.0.0.0/0",
                            "egress.482069346.from_port": "0",
                            "egress.482069346.ipv6_cidr_blocks.#": "0",
                            "egress.482069346.prefix_list_ids.#": "0",
                            "egress.482069346.protocol": "-1",
                            "egress.482069346.security_groups.#": "0",
                            "egress.482069346.self": "false",
                            "egress.482069346.to_port": "0",
                            "id": "sg-acd8adcb",
                            "ingress.#": "2",
                            "ingress.2076754903.cidr_blocks.#": "2",
                            "ingress.2076754903.cidr_blocks.0": "123.201.40.36/32",
                            "ingress.2076754903.cidr_blocks.1": "54.247.115.146/32",
                            "ingress.2076754903.from_port": "22",
                            "ingress.2076754903.ipv6_cidr_blocks.#": "0",
                            "ingress.2076754903.protocol": "tcp",
                            "ingress.2076754903.security_groups.#": "0",
                            "ingress.2076754903.self": "false",
                            "ingress.2076754903.to_port": "22",
                            "ingress.931551850.cidr_blocks.#": "1",
                            "ingress.931551850.cidr_blocks.0": "10.0.0.0/16",
                            "ingress.931551850.from_port": "22",
                            "ingress.931551850.ipv6_cidr_blocks.#": "0",
                            "ingress.931551850.protocol": "tcp",
                            "ingress.931551850.security_groups.#": "0",
                            "ingress.931551850.self": "false",
                            "ingress.931551850.to_port": "22",
                            "name": "allowPort22",
                            "owner_id": "651761905225",
                            "tags.%": "2",
                            "tags.Name": "allowPort22",
                            "tags.enviroment": "dev",
                            "vpc_id": "vpc-a054cdc4"
                        },
                        "meta": {},
                        "tainted": false
                    },
                    "deposed": [],
                    "provider": ""
                },
                "aws_security_group.allowPort3306": {
                    "type": "aws_security_group",
                    "depends_on": [
                        "aws_vpc.main-ag"
                    ],
                    "primary": {
                        "id": "sg-bddbaeda",
                        "attributes": {
                            "description": "allow port 3306 ",
                            "egress.#": "1",
                            "egress.482069346.cidr_blocks.#": "1",
                            "egress.482069346.cidr_blocks.0": "0.0.0.0/0",
                            "egress.482069346.from_port": "0",
                            "egress.482069346.ipv6_cidr_blocks.#": "0",
                            "egress.482069346.prefix_list_ids.#": "0",
                            "egress.482069346.protocol": "-1",
                            "egress.482069346.security_groups.#": "0",
                            "egress.482069346.self": "false",
                            "egress.482069346.to_port": "0",
                            "id": "sg-bddbaeda",
                            "ingress.#": "2",
                            "ingress.2430088109.cidr_blocks.#": "2",
                            "ingress.2430088109.cidr_blocks.0": "123.201.40.36/32",
                            "ingress.2430088109.cidr_blocks.1": "54.247.115.146/32",
                            "ingress.2430088109.from_port": "3306",
                            "ingress.2430088109.ipv6_cidr_blocks.#": "0",
                            "ingress.2430088109.protocol": "tcp",
                            "ingress.2430088109.security_groups.#": "0",
                            "ingress.2430088109.self": "false",
                            "ingress.2430088109.to_port": "3306",
                            "ingress.2938088484.cidr_blocks.#": "1",
                            "ingress.2938088484.cidr_blocks.0": "10.0.0.0/16",
                            "ingress.2938088484.from_port": "3306",
                            "ingress.2938088484.ipv6_cidr_blocks.#": "0",
                            "ingress.2938088484.protocol": "tcp",
                            "ingress.2938088484.security_groups.#": "0",
                            "ingress.2938088484.self": "false",
                            "ingress.2938088484.to_port": "3306",
                            "name": "allowPort3306",
                            "owner_id": "651761905225",
                            "tags.%": "2",
                            "tags.Name": "allowPort3306",
                            "tags.enviroment": "dev",
                            "vpc_id": "vpc-a054cdc4"
                        },
                        "meta": {},
                        "tainted": false
                    },
                    "deposed": [],
                    "provider": ""
                },
                "aws_security_group.allowPort80": {
                    "type": "aws_security_group",
                    "depends_on": [
                        "aws_vpc.main-ag"
                    ],
                    "primary": {
                        "id": "sg-2dd9ac4a",
                        "attributes": {
                            "description": "allow port 80",
                            "egress.#": "1",
                            "egress.482069346.cidr_blocks.#": "1",
                            "egress.482069346.cidr_blocks.0": "0.0.0.0/0",
                            "egress.482069346.from_port": "0",
                            "egress.482069346.ipv6_cidr_blocks.#": "0",
                            "egress.482069346.prefix_list_ids.#": "0",
                            "egress.482069346.protocol": "-1",
                            "egress.482069346.security_groups.#": "0",
                            "egress.482069346.self": "false",
                            "egress.482069346.to_port": "0",
                            "id": "sg-2dd9ac4a",
                            "ingress.#": "1",
                            "ingress.2214680975.cidr_blocks.#": "1",
                            "ingress.2214680975.cidr_blocks.0": "0.0.0.0/0",
                            "ingress.2214680975.from_port": "80",
                            "ingress.2214680975.ipv6_cidr_blocks.#": "0",
                            "ingress.2214680975.protocol": "tcp",
                            "ingress.2214680975.security_groups.#": "0",
                            "ingress.2214680975.self": "false",
                            "ingress.2214680975.to_port": "80",
                            "name": "allowPort80",
                            "owner_id": "651761905225",
                            "tags.%": "0",
                            "vpc_id": "vpc-a054cdc4"
                        },
                        "meta": {},
                        "tainted": false
                    },
                    "deposed": [],
                    "provider": ""
                },
                "aws_subnet.main-pri-1": {
                    "type": "aws_subnet",
                    "depends_on": [
                        "aws_vpc.main-ag"
                    ],
                    "primary": {
                        "id": "subnet-6cd19f1a",
                        "attributes": {
                            "assign_ipv6_address_on_creation": "false",
                            "availability_zone": "ap-southeast-1b",
                            "cidr_block": "10.0.2.0/24",
                            "id": "subnet-6cd19f1a",
                            "map_public_ip_on_launch": "false",
                            "tags.%": "2",
                            "tags.Name": "main-pri-1",
                            "tags.environment": "dev",
                            "vpc_id": "vpc-a054cdc4"
                        },
                        "meta": {},
                        "tainted": false
                    },
                    "deposed": [],
                    "provider": ""
                },
                "aws_subnet.main-pub-1": {
                    "type": "aws_subnet",
                    "depends_on": [
                        "aws_vpc.main-ag"
                    ],
                    "primary": {
                        "id": "subnet-0ae7c26e",
                        "attributes": {
                            "assign_ipv6_address_on_creation": "false",
                            "availability_zone": "ap-southeast-1a",
                            "cidr_block": "10.0.1.0/24",
                            "id": "subnet-0ae7c26e",
                            "map_public_ip_on_launch": "true",
                            "tags.%": "2",
                            "tags.Name": "main-pub-1",
                            "tags.environment": "dev",
                            "vpc_id": "vpc-a054cdc4"
                        },
                        "meta": {},
                        "tainted": false
                    },
                    "deposed": [],
                    "provider": ""
                },
                "aws_vpc.main-ag": {
                    "type": "aws_vpc",
                    "depends_on": [],
                    "primary": {
                        "id": "vpc-a054cdc4",
                        "attributes": {
                            "assign_generated_ipv6_cidr_block": "false",
                            "cidr_block": "10.0.0.0/16",
                            "default_network_acl_id": "acl-2694c942",
                            "default_route_table_id": "rtb-d8a281bc",
                            "default_security_group_id": "sg-eedeab89",
                            "dhcp_options_id": "dopt-0507cb60",
                            "enable_classiclink": "false",
                            "enable_dns_hostnames": "true",
                            "enable_dns_support": "true",
                            "id": "vpc-a054cdc4",
                            "instance_tenancy": "default",
                            "main_route_table_id": "rtb-d8a281bc",
                            "tags.%": "2",
                            "tags.Name": "main-ag",
                            "tags.environment": "dev"
                        },
                        "meta": {
                            "schema_version": "1"
                        },
                        "tainted": false
                    },
                    "deposed": [],
                    "provider": ""
                }
            },
            "depends_on": []
        }
    ]
}
